
Microsoft Visual Studio Solution File, Format Version 12.00
# Visual Studio 15
VisualStudioVersion = 15.0.26730.12
MinimumVisualStudioVersion = 10.0.40219.1
Project("{FAE04EC0-301F-11D3-BF4B-00C04F79EFBC}") = "ScrapeLibrary", "ScrapeLibrary\ScrapeLibrary.csproj", "{C65C533C-FA7A-4F6C-8DDC-D907C177D3CE}"
EndProject
Project("{FAE04EC0-301F-11D3-BF4B-00C04F79EFBC}") = "ScrapeClient", "ScrapeClient\ScrapeClient.csproj", "{308A2583-BC52-4B89-842C-7C78E90FC937}"
EndProject
Global
	GlobalSection(SolutionConfigurationPlatforms) = preSolution
		Debug|Any CPU = Debug|Any CPU
		Release|Any CPU = Release|Any CPU
	EndGlobalSection
	GlobalSection(ProjectConfigurationPlatforms) = postSolution
		{C65C533C-FA7A-4F6C-8DDC-D907C177D3CE}.Debug|Any CPU.ActiveCfg = Debug|Any CPU
		{C65C533C-FA7A-4F6C-8DDC-D907C177D3CE}.Debug|Any CPU.Build.0 = Debug|Any CPU
		{C65C533C-FA7A-4F6C-8DDC-D907C177D3CE}.Release|Any CPU.ActiveCfg = Release|Any CPU
		{C65C533C-FA7A-4F6C-8DDC-D907C177D3CE}.Release|Any CPU.Build.0 = Release|Any CPU
		{308A2583-BC52-4B89-842C-7C78E90FC937}.Debug|Any CPU.ActiveCfg = Debug|Any CPU
		{308A2583-BC52-4B89-842C-7C78E90FC937}.Debug|Any CPU.Build.0 = Debug|Any CPU
		{308A2583-BC52-4B89-842C-7C78E90FC937}.Release|Any CPU.ActiveCfg = Release|Any CPU
		{308A2583-BC52-4B89-842C-7C78E90FC937}.Release|Any CPU.Build.0 = Release|Any CPU
	EndGlobalSection
	GlobalSection(SolutionProperties) = preSolution
		HideSolutionNode = FALSE
	EndGlobalSection
	GlobalSection(ExtensibilityGlobals) = postSolution
		SolutionGuid = {8C0A600C-B9F6-4642-BF5B-8ED57B69EF14}
	EndGlobalSection
EndGlobal
